
Microsoft Visual Studio Solution File, Format Version 12.00
# Visual Studio Version 17
VisualStudioVersion = 17.4.33403.182
MinimumVisualStudioVersion = 10.0.40219.1
Project("{9A19103F-16F7-4668-BE54-9A1E7A4F7556}") = "MajConsoSuiviSprint.Cli", "MajConsoSuiviSprint.Cli\MajConsoSuiviSprint.Cli.csproj", "{95BEF3B2-609A-4C27-AA6A-C27BCBB9FF63}"
EndProject
Global
	GlobalSection(SolutionConfigurationPlatforms) = preSolution
		Debug|Any CPU = Debug|Any CPU
		Release|Any CPU = Release|Any CPU
	EndGlobalSection
	GlobalSection(ProjectConfigurationPlatforms) = postSolution
		{95BEF3B2-609A-4C27-AA6A-C27BCBB9FF63}.Debug|Any CPU.ActiveCfg = Debug|Any CPU
		{95BEF3B2-609A-4C27-AA6A-C27BCBB9FF63}.Debug|Any CPU.Build.0 = Debug|Any CPU
		{95BEF3B2-609A-4C27-AA6A-C27BCBB9FF63}.Release|Any CPU.ActiveCfg = Release|Any CPU
		{95BEF3B2-609A-4C27-AA6A-C27BCBB9FF63}.Release|Any CPU.Build.0 = Release|Any CPU
	EndGlobalSection
	GlobalSection(SolutionProperties) = preSolution
		HideSolutionNode = FALSE
	EndGlobalSection
	GlobalSection(ExtensibilityGlobals) = postSolution
		SolutionGuid = {36650444-2B9E-4B84-A023-E105E721A537}
	EndGlobalSection
EndGlobal
